# This file is autogenerated, do not edit; changes may be undone by the next 'dep ensure'.


[[projects]]
  digest = "1:ae63eaa049fa6d0f54a969bc6f834e8cb3abb5b8a259ee7fa7fab751ed01af93"
  name = "github.com/magefile/mage"
  packages = [
    "mage",
    "mg",
    "parse",
    "sh",
  ]
  pruneopts = "UT"
  revision = "a8460f7aa9523266febfca9df7a45025b7460152"
  version = "v1.6.2"

[solve-meta]
  analyzer-name = "dep"
  analyzer-version = 1
  input-imports = [
    "github.com/magefile/mage/mage",
    "github.com/magefile/mage/mg",
    "github.com/magefile/mage/sh",
  ]
  solver-name = "gps-cdcl"
  solver-version = 1
